// !$*UTF8*$!
{
	archiveVersion = 1;
	classes = {
	};
	objectVersion = 50;
	objects = {

/* Begin PBXBuildFile section */
		50331FD623F80113007E51D2 /* AppDelegate.swift in Sources */ = {isa = PBXBuildFile; fileRef = 50331FD523F80113007E51D2 /* AppDelegate.swift */; };
		50331FD823F80113007E51D2 /* SceneDelegate.swift in Sources */ = {isa = PBXBuildFile; fileRef = 50331FD723F80113007E51D2 /* SceneDelegate.swift */; };
		50331FDA23F80113007E51D2 /* ContentView.swift in Sources */ = {isa = PBXBuildFile; fileRef = 50331FD923F80113007E51D2 /* ContentView.swift */; };
		50331FDC23F80115007E51D2 /* Assets.xcassets in Resources */ = {isa = PBXBuildFile; fileRef = 50331FDB23F80115007E51D2 /* Assets.xcassets */; };
		50331FDF23F80115007E51D2 /* Preview Assets.xcassets in Resources */ = {isa = PBXBuildFile; fileRef = 50331FDE23F80115007E51D2 /* Preview Assets.xcassets */; };
		50331FE223F80115007E51D2 /* LaunchScreen.storyboard in Resources */ = {isa = PBXBuildFile; fileRef = 50331FE023F80115007E51D2 /* LaunchScreen.storyboard */; };
		50331FED23F80115007E51D2 /* HWUITests.swift in Sources */ = {isa = PBXBuildFile; fileRef = 50331FEC23F80115007E51D2 /* HWUITests.swift */; };
/* End PBXBuildFile section */

/* Begin PBXContainerItemProxy section */
		50331FE923F80115007E51D2 /* PBXContainerItemProxy */ = {
			isa = PBXContainerItemProxy;
			containerPortal = 50331FCA23F80113007E51D2 /* Project object */;
			proxyType = 1;
			remoteGlobalIDString = 50331FD123F80113007E51D2;
			remoteInfo = HW;
		};
/* End PBXContainerItemProxy section */

/* Begin PBXFileReference section */
		50331FD223F80113007E51D2 /* HW.app */ = {isa = PBXFileReference; explicitFileType = wrapper.application; includeInIndex = 0; path = HW.app; sourceTree = BUILT_PRODUCTS_DIR; };
		50331FD523F80113007E51D2 /* AppDelegate.swift */ = {isa = PBXFileReference; lastKnownFileType = sourcecode.swift; path = AppDelegate.swift; sourceTree = "<group>"; };
		50331FD723F80113007E51D2 /* SceneDelegate.swift */ = {isa = PBXFileReference; lastKnownFileType = sourcecode.swift; path = SceneDelegate.swift; sourceTree = "<group>"; };
		50331FD923F80113007E51D2 /* ContentView.swift */ = {isa = PBXFileReference; lastKnownFileType = sourcecode.swift; path = ContentView.swift; sourceTree = "<group>"; };
		50331FDB23F80115007E51D2 /* Assets.xcassets */ = {isa = PBXFileReference; lastKnownFileType = folder.assetcatalog; path = Assets.xcassets; sourceTree = "<group>"; };
		50331FDE23F80115007E51D2 /* Preview Assets.xcassets */ = {isa = PBXFileReference; lastKnownFileType = folder.assetcatalog; path = "Preview Assets.xcassets"; sourceTree = "<group>"; };
		50331FE123F80115007E51D2 /* Base */ = {isa = PBXFileReference; lastKnownFileType = file.storyboard; name = Base; path = Base.lproj/LaunchScreen.storyboard; sourceTree = "<group>"; };
		50331FE323F80115007E51D2 /* Info.plist */ = {isa = PBXFileReference; lastKnownFileType = text.plist.xml; path = Info.plist; sourceTree = "<group>"; };
		50331FE823F80115007E51D2 /* HWUITests.xctest */ = {isa = PBXFileReference; explicitFileType = wrapper.cfbundle; includeInIndex = 0; path = HWUITests.xctest; sourceTree = BUILT_PRODUCTS_DIR; };
		50331FEC23F80115007E51D2 /* HWUITests.swift */ = {isa = PBXFileReference; lastKnownFileType = sourcecode.swift; path = HWUITests.swift; sourceTree = "<group>"; };
		50331FEE23F80115007E51D2 /* Info.plist */ = {isa = PBXFileReference; lastKnownFileType = text.plist.xml; path = Info.plist; sourceTree = "<group>"; };
/* End PBXFileReference section */

/* Begin PBXFrameworksBuildPhase section */
		50331FCF23F80113007E51D2 /* Frameworks */ = {
			isa = PBXFrameworksBuildPhase;
			buildActionMask = 2147483647;
			files = (
			);
			runOnlyForDeploymentPostprocessing = 0;
		};
		50331FE523F80115007E51D2 /* Frameworks */ = {
			isa = PBXFrameworksBuildPhase;
			buildActionMask = 2147483647;
			files = (
			);
			runOnlyForDeploymentPostprocessing = 0;
		};
/* End PBXFrameworksBuildPhase section */

/* Begin PBXGroup section */
		50331FC923F80113007E51D2 = {
			isa = PBXGroup;
			children = (
				50331FD423F80113007E51D2 /* HW */,
				50331FEB23F80115007E51D2 /* HWUITests */,
				50331FD323F80113007E51D2 /* Products */,
			);
			sourceTree = "<group>";
		};
		50331FD323F80113007E51D2 /* Products */ = {
			isa = PBXGroup;
			children = (
				50331FD223F80113007E51D2 /* HW.app */,
				50331FE823F80115007E51D2 /* HWUITests.xctest */,
			);
			name = Products;
			sourceTree = "<group>";
		};
		50331FD423F80113007E51D2 /* HW */ = {
			isa = PBXGroup;
			children = (
				50331FD523F80113007E51D2 /* AppDelegate.swift */,
				50331FD723F80113007E51D2 /* SceneDelegate.swift */,
				50331FD923F80113007E51D2 /* ContentView.swift */,
				50331FDB23F80115007E51D2 /* Assets.xcassets */,
				50331FE023F80115007E51D2 /* LaunchScreen.storyboard */,
				50331FE323F80115007E51D2 /* Info.plist */,
				50331FDD23F80115007E51D2 /* Preview Content */,
			);
			path = HW;
			sourceTree = "<group>";
		};
		50331FDD23F80115007E51D2 /* Preview Content */ = {
			isa = PBXGroup;
			children = (
				50331FDE23F80115007E51D2 /* Preview Assets.xcassets */,
			);
			path = "Preview Content";
			sourceTree = "<group>";
		};
		50331FEB23F80115007E51D2 /* HWUITests */ = {
			isa = PBXGroup;
			children = (
				50331FEC23F80115007E51D2 /* HWUITests.swift */,
				50331FEE23F80115007E51D2 /* Info.plist */,
			);
			path = HWUITests;
			sourceTree = "<group>";
		};
/* End PBXGroup section */

/* Begin PBXNativeTarget section */
		50331FD123F80113007E51D2 /* HW */ = {
			isa = PBXNativeTarget;
			buildConfigurationList = 50331FF123F80115007E51D2 /* Build configuration list for PBXNativeTarget "HW" */;
			buildPhases = (
				50331FCE23F80113007E51D2 /* Sources */,
				50331FCF23F80113007E51D2 /* Frameworks */,
				50331FD023F80113007E51D2 /* Resources */,
			);
			buildRules = (
			);
			dependencies = (
			);
			name = HW;
			productName = HW;
			productReference = 50331FD223F80113007E51D2 /* HW.app */;
			productType = "com.apple.product-type.application";
		};
		50331FE723F80115007E51D2 /* HWUITests */ = {
			isa = PBXNativeTarget;
			buildConfigurationList = 50331FF423F80115007E51D2 /* Build configuration list for PBXNativeTarget "HWUITests" */;
			buildPhases = (
				50331FE423F80115007E51D2 /* Sources */,
				50331FE523F80115007E51D2 /* Frameworks */,
				50331FE623F80115007E51D2 /* Resources */,
			);
			buildRules = (
			);
			dependencies = (
				50331FEA23F80115007E51D2 /* PBXTargetDependency */,
			);
			name = HWUITests;
			productName = HWUITests;
			productReference = 50331FE823F80115007E51D2 /* HWUITests.xctest */;
			productType = "com.apple.product-type.bundle.ui-testing";
		};
/* End PBXNativeTarget section */

/* Begin PBXProject section */
		50331FCA23F80113007E51D2 /* Project object */ = {
			isa = PBXProject;
			attributes = {
				LastSwiftUpdateCheck = 1130;
				LastUpgradeCheck = 1130;
				ORGANIZATIONNAME = "Yagub Shukurov";
				TargetAttributes = {
					50331FD123F80113007E51D2 = {
						CreatedOnToolsVersion = 11.3.1;
					};
					50331FE723F80115007E51D2 = {
						CreatedOnToolsVersion = 11.3.1;
						TestTargetID = 50331FD123F80113007E51D2;
					};
				};
			};
			buildConfigurationList = 50331FCD23F80113007E51D2 /* Build configuration list for PBXProject "HW" */;
			compatibilityVersion = "Xcode 9.3";
			developmentRegion = en;
			hasScannedForEncodings = 0;
			knownRegions = (
				en,
				Base,
			);
			mainGroup = 50331FC923F80113007E51D2;
			productRefGroup = 50331FD323F80113007E51D2 /* Products */;
			projectDirPath = "";
			projectRoot = "";
			targets = (
				50331FD123F80113007E51D2 /* HW */,
				50331FE723F80115007E51D2 /* HWUITests */,
			);
		};
/* End PBXProject section */

/* Begin PBXResourcesBuildPhase section */
		50331FD023F80113007E51D2 /* Resources */ = {
			isa = PBXResourcesBuildPhase;
			buildActionMask = 2147483647;
			files = (
				50331FE223F80115007E51D2 /* LaunchScreen.storyboard in Resources */,
				50331FDF23F80115007E51D2 /* Preview Assets.xcassets in Resources */,
				50331FDC23F80115007E51D2 /* Assets.xcassets in Resources */,
			);
			runOnlyForDeploymentPostprocessing = 0;
		};
		50331FE623F80115007E51D2 /* Resources */ = {
			isa = PBXResourcesBuildPhase;
			buildActionMask = 2147483647;
			files = (
			);
			runOnlyForDeploymentPostprocessing = 0;
		};
/* End PBXResourcesBuildPhase section */

/* Begin PBXSourcesBuildPhase section */
		50331FCE23F80113007E51D2 /* Sources */ = {
			isa = PBXSourcesBuildPhase;
			buildActionMask = 2147483647;
			files = (
				50331FD623F80113007E51D2 /* AppDelegate.swift in Sources */,
				50331FD823F80113007E51D2 /* SceneDelegate.swift in Sources */,
				50331FDA23F80113007E51D2 /* ContentView.swift in Sources */,
			);
			runOnlyForDeploymentPostprocessing = 0;
		};
		50331FE423F80115007E51D2 /* Sources */ = {
			isa = PBXSourcesBuildPhase;
			buildActionMask = 2147483647;
			files = (
				50331FED23F80115007E51D2 /* HWUITests.swift in Sources */,
			);
			runOnlyForDeploymentPostprocessing = 0;
		};
/* End PBXSourcesBuildPhase section */

/* Begin PBXTargetDependency section */
		50331FEA23F80115007E51D2 /* PBXTargetDependency */ = {
			isa = PBXTargetDependency;
			target = 50331FD123F80113007E51D2 /* HW */;
			targetProxy = 50331FE923F80115007E51D2 /* PBXContainerItemProxy */;
		};
/* End PBXTargetDependency section */

/* Begin PBXVariantGroup section */
		50331FE023F80115007E51D2 /* LaunchScreen.storyboard */ = {
			isa = PBXVariantGroup;
			children = (
				50331FE123F80115007E51D2 /* Base */,
			);
			name = LaunchScreen.storyboard;
			sourceTree = "<group>";
		};
/* End PBXVariantGroup section */

/* Begin XCBuildConfiguration section */
		50331FEF23F80115007E51D2 /* Debug */ = {
			isa = XCBuildConfiguration;
			buildSettings = {
				ALWAYS_SEARCH_USER_PATHS = NO;
				CLANG_ANALYZER_NONNULL = YES;
				CLANG_ANALYZER_NUMBER_OBJECT_CONVERSION = YES_AGGRESSIVE;
				CLANG_CXX_LANGUAGE_STANDARD = "gnu++14";
				CLANG_CXX_LIBRARY = "libc++";
				CLANG_ENABLE_MODULES = YES;
				CLANG_ENABLE_OBJC_ARC = YES;
				CLANG_ENABLE_OBJC_WEAK = YES;
				CLANG_WARN_BLOCK_CAPTURE_AUTORELEASING = YES;
				CLANG_WARN_BOOL_CONVERSION = YES;
				CLANG_WARN_COMMA = YES;
				CLANG_WARN_CONSTANT_CONVERSION = YES;
				CLANG_WARN_DEPRECATED_OBJC_IMPLEMENTATIONS = YES;
				CLANG_WARN_DIRECT_OBJC_ISA_USAGE = YES_ERROR;
				CLANG_WARN_DOCUMENTATION_COMMENTS = YES;
				CLANG_WARN_EMPTY_BODY = YES;
				CLANG_WARN_ENUM_CONVERSION = YES;
				CLANG_WARN_INFINITE_RECURSION = YES;
				CLANG_WARN_INT_CONVERSION = YES;
				CLANG_WARN_NON_LITERAL_NULL_CONVERSION = YES;
				CLANG_WARN_OBJC_IMPLICIT_RETAIN_SELF = YES;
				CLANG_WARN_OBJC_LITERAL_CONVERSION = YES;
				CLANG_WARN_OBJC_ROOT_CLASS = YES_ERROR;
				CLANG_WARN_RANGE_LOOP_ANALYSIS = YES;
				CLANG_WARN_STRICT_PROTOTYPES = YES;
				CLANG_WARN_SUSPICIOUS_MOVE = YES;
				CLANG_WARN_UNGUARDED_AVAILABILITY = YES_AGGRESSIVE;
				CLANG_WARN_UNREACHABLE_CODE = YES;
				CLANG_WARN__DUPLICATE_METHOD_MATCH = YES;
				COPY_PHASE_STRIP = NO;
				DEBUG_INFORMATION_FORMAT = dwarf;
				ENABLE_STRICT_OBJC_MSGSEND = YES;
				ENABLE_TESTABILITY = YES;
				GCC_C_LANGUAGE_STANDARD = gnu11;
				GCC_DYNAMIC_NO_PIC = NO;
				GCC_NO_COMMON_BLOCKS = YES;
				GCC_OPTIMIZATION_LEVEL = 0;
				GCC_PREPROCESSOR_DEFINITIONS = (
					"DEBUG=1",
					"$(inherited)",
				);
				GCC_WARN_64_TO_32_BIT_CONVERSION = YES;
				GCC_WARN_ABOUT_RETURN_TYPE = YES_ERROR;
				GCC_WARN_UNDECLARED_SELECTOR = YES;
				GCC_WARN_UNINITIALIZED_AUTOS = YES_AGGRESSIVE;
				GCC_WARN_UNUSED_FUNCTION = YES;
				GCC_WARN_UNUSED_VARIABLE = YES;
				IPHONEOS_DEPLOYMENT_TARGET = 13.2;
				MTL_ENABLE_DEBUG_INFO = INCLUDE_SOURCE;
				MTL_FAST_MATH = YES;
				ONLY_ACTIVE_ARCH = YES;
				SDKROOT = iphoneos;
				SWIFT_ACTIVE_COMPILATION_CONDITIONS = DEBUG;
				SWIFT_OPTIMIZATION_LEVEL = "-Onone";
			};
			name = Debug;
		};
		50331FF023F80115007E51D2 /* Release */ = {
			isa = XCBuildConfiguration;
			buildSettings = {
				ALWAYS_SEARCH_USER_PATHS = NO;
				CLANG_ANALYZER_NONNULL = YES;
				CLANG_ANALYZER_NUMBER_OBJECT_CONVERSION = YES_AGGRESSIVE;
				CLANG_CXX_LANGUAGE_STANDARD = "gnu++14";
				CLANG_CXX_LIBRARY = "libc++";
				CLANG_ENABLE_MODULES = YES;
				CLANG_ENABLE_OBJC_ARC = YES;
				CLANG_ENABLE_OBJC_WEAK = YES;
				CLANG_WARN_BLOCK_CAPTURE_AUTORELEASING = YES;
				CLANG_WARN_BOOL_CONVERSION = YES;
				CLANG_WARN_COMMA = YES;
				CLANG_WARN_CONSTANT_CONVERSION = YES;
				CLANG_WARN_DEPRECATED_OBJC_IMPLEMENTATIONS = YES;
				CLANG_WARN_DIRECT_OBJC_ISA_USAGE = YES_ERROR;
				CLANG_WARN_DOCUMENTATION_COMMENTS = YES;
				CLANG_WARN_EMPTY_BODY = YES;
				CLANG_WARN_ENUM_CONVERSION = YES;
				CLANG_WARN_INFINITE_RECURSION = YES;
				CLANG_WARN_INT_CONVERSION = YES;
				CLANG_WARN_NON_LITERAL_NULL_CONVERSION = YES;
				CLANG_WARN_OBJC_IMPLICIT_RETAIN_SELF = YES;
				CLANG_WARN_OBJC_LITERAL_CONVERSION = YES;
				CLANG_WARN_OBJC_ROOT_CLASS = YES_ERROR;
				CLANG_WARN_RANGE_LOOP_ANALYSIS = YES;
				CLANG_WARN_STRICT_PROTOTYPES = YES;
				CLANG_WARN_SUSPICIOUS_MOVE = YES;
				CLANG_WARN_UNGUARDED_AVAILABILITY = YES_AGGRESSIVE;
				CLANG_WARN_UNREACHABLE_CODE = YES;
				CLANG_WARN__DUPLICATE_METHOD_MATCH = YES;
				COPY_PHASE_STRIP = NO;
				DEBUG_INFORMATION_FORMAT = "dwarf-with-dsym";
				ENABLE_NS_ASSERTIONS = NO;
				ENABLE_STRICT_OBJC_MSGSEND = YES;
				GCC_C_LANGUAGE_STANDARD = gnu11;
				GCC_NO_COMMON_BLOCKS = YES;
				GCC_WARN_64_TO_32_BIT_CONVERSION = YES;
				GCC_WARN_ABOUT_RETURN_TYPE = YES_ERROR;
				GCC_WARN_UNDECLARED_SELECTOR = YES;
				GCC_WARN_UNINITIALIZED_AUTOS = YES_AGGRESSIVE;
				GCC_WARN_UNUSED_FUNCTION = YES;
				GCC_WARN_UNUSED_VARIABLE = YES;
				IPHONEOS_DEPLOYMENT_TARGET = 13.2;
				MTL_ENABLE_DEBUG_INFO = NO;
				MTL_FAST_MATH = YES;
				SDKROOT = iphoneos;
				SWIFT_COMPILATION_MODE = wholemodule;
				SWIFT_OPTIMIZATION_LEVEL = "-O";
				VALIDATE_PRODUCT = YES;
			};
			name = Release;
		};
		50331FF223F80115007E51D2 /* Debug */ = {
			isa = XCBuildConfiguration;
			buildSettings = {
				ASSETCATALOG_COMPILER_APPICON_NAME = AppIcon;
				CODE_SIGN_STYLE = Automatic;
				DEVELOPMENT_ASSET_PATHS = "\"HW/Preview Content\"";
				DEVELOPMENT_TEAM = 6R29QN3TTJ;
				ENABLE_PREVIEWS = YES;
				INFOPLIST_FILE = HW/Info.plist;
				LD_RUNPATH_SEARCH_PATHS = (
					"$(inherited)",
					"@executable_path/Frameworks",
				);
				PRODUCT_BUNDLE_IDENTIFIER = yagub.HW;
				PRODUCT_NAME = "$(TARGET_NAME)";
				SWIFT_VERSION = 5.0;
				TARGETED_DEVICE_FAMILY = "1,2";
			};
			name = Debug;
		};
		50331FF323F80115007E51D2 /* Release */ = {
			isa = XCBuildConfiguration;
			buildSettings = {
				ASSETCATALOG_COMPILER_APPICON_NAME = AppIcon;
				CODE_SIGN_STYLE = Automatic;
				DEVELOPMENT_ASSET_PATHS = "\"HW/Preview Content\"";
				DEVELOPMENT_TEAM = 6R29QN3TTJ;
				ENABLE_PREVIEWS = YES;
				INFOPLIST_FILE = HW/Info.plist;
				LD_RUNPATH_SEARCH_PATHS = (
					"$(inherited)",
					"@executable_path/Frameworks",
				);
				PRODUCT_BUNDLE_IDENTIFIER = yagub.HW;
				PRODUCT_NAME = "$(TARGET_NAME)";
				SWIFT_VERSION = 5.0;
				TARGETED_DEVICE_FAMILY = "1,2";
			};
			name = Release;
		};
		50331FF523F80115007E51D2 /* Debug */ = {
			isa = XCBuildConfiguration;
			buildSettings = {
				ALWAYS_EMBED_SWIFT_STANDARD_LIBRARIES = YES;
				CODE_SIGN_STYLE = Automatic;
				DEVELOPMENT_TEAM = 6R29QN3TTJ;
				INFOPLIST_FILE = HWUITests/Info.plist;
				LD_RUNPATH_SEARCH_PATHS = (
					"$(inherited)",
					"@executable_path/Frameworks",
					"@loader_path/Frameworks",
				);
				PRODUCT_BUNDLE_IDENTIFIER = yagub.HWUITests;
				PRODUCT_NAME = "$(TARGET_NAME)";
				SWIFT_VERSION = 5.0;
				TARGETED_DEVICE_FAMILY = "1,2";
				TEST_TARGET_NAME = HW;
			};
			name = Debug;
		};
		50331FF623F80115007E51D2 /* Release */ = {
			isa = XCBuildConfiguration;
			buildSettings = {
				ALWAYS_EMBED_SWIFT_STANDARD_LIBRARIES = YES;
				CODE_SIGN_STYLE = Automatic;
				DEVELOPMENT_TEAM = 6R29QN3TTJ;
				INFOPLIST_FILE = HWUITests/Info.plist;
				LD_RUNPATH_SEARCH_PATHS = (
					"$(inherited)",
					"@executable_path/Frameworks",
					"@loader_path/Frameworks",
				);
				PRODUCT_BUNDLE_IDENTIFIER = yagub.HWUITests;
				PRODUCT_NAME = "$(TARGET_NAME)";
				SWIFT_VERSION = 5.0;
				TARGETED_DEVICE_FAMILY = "1,2";
				TEST_TARGET_NAME = HW;
			};
			name = Release;
		};
/* End XCBuildConfiguration section */

/* Begin XCConfigurationList section */
		50331FCD23F80113007E51D2 /* Build configuration list for PBXProject "HW" */ = {
			isa = XCConfigurationList;
			buildConfigurations = (
				50331FEF23F80115007E51D2 /* Debug */,
				50331FF023F80115007E51D2 /* Release */,
			);
			defaultConfigurationIsVisible = 0;
			defaultConfigurationName = Release;
		};
		50331FF123F80115007E51D2 /* Build configuration list for PBXNativeTarget "HW" */ = {
			isa = XCConfigurationList;
			buildConfigurations = (
				50331FF223F80115007E51D2 /* Debug */,
				50331FF323F80115007E51D2 /* Release */,
			);
			defaultConfigurationIsVisible = 0;
			defaultConfigurationName = Release;
		};
		50331FF423F80115007E51D2 /* Build configuration list for PBXNativeTarget "HWUITests" */ = {
			isa = XCConfigurationList;
			buildConfigurations = (
				50331FF523F80115007E51D2 /* Debug */,
				50331FF623F80115007E51D2 /* Release */,
			);
			defaultConfigurationIsVisible = 0;
			defaultConfigurationName = Release;
		};
/* End XCConfigurationList section */
	};
	rootObject = 50331FCA23F80113007E51D2 /* Project object */;
}
